{
  "name": "fuckmejs",
  "version": "1.0.0",
  "lockfileVersion": 3,
  "requires": true,
  "packages": {
    "": {
      "name": "fuckmejs",
      "version": "1.0.0",
      "dependencies": {
        "@zendrex/buttplug.js": "^0.5.0"
      }
    },
    "node_modules/@zendrex/buttplug.js": {
      "version": "0.5.0",
      "resolved": "https://registry.npmjs.org/@zendrex/buttplug.js/-/buttplug.js-0.5.0.tgz",
      "integrity": "sha512-F8080XbxFvbpwx2a33umoFF8douHlonajF6APrr250hWH01rgvU+xK7nVs/DpwhIpG0GjxaV6KCT1rnYHS3axA==",
      "license": "MIT",
      "workspaces": [
        "./",
        "docs"
      ],
      "dependencies": {
        "emittery": "^2.0.0",
        "zod": "^4.4.3"
      },
      "peerDependencies": {
        "buttplug-wasm-blob": "^3.0.0"
      },
      "peerDependenciesMeta": {
        "buttplug-wasm-blob": {
          "optional": true
        }
      }
    },
    "node_modules/emittery": {
      "version": "2.0.0",
      "resolved": "https://registry.npmjs.org/emittery/-/emittery-2.0.0.tgz",
      "integrity": "sha512-FLtgn/CGBXiX3ZtPAm5q4LWWepHChOt55J9u01WFu3dyap2U7IwptlrqoE1COR/kxwdy/DOxIBALSxIW449I1g==",
      "license": "MIT",
      "engines": {
        "node": ">=22"
      },
      "funding": {
        "url": "https://github.com/sindresorhus/emittery?sponsor=1"
      }
    },
    "node_modules/zod": {
      "version": "4.5.4",
      "resolved": "https://registry.npmjs.org/zod/-/zod-4.5.4.tgz",
      "integrity": "sha512-sC95tT5iHHH9gtpj6A81kh+NEaRAUFN+qlUPDUbRfOMvNf5QCBqsb3WgvnpVtK5Y+4UfA6KqufotuTvMGiTlsA==",
      "license": "MIT",
      "funding": {
        "url": "https://github.com/sponsors/colinhacks"
      }
    }
  }
}
